packages:
- package: calogica/dbt_expectations
  version: 0.10.3
- git: https://github.com/dagster-io/dagster.git
  revision: fbe9818b8c0f1abdfe35b39f1b6e42bdc43c0871
  subdirectory: python_modules/libraries/dagster-dbt/dbt_packages/dagster
- package: calogica/dbt_date
  version: 0.10.1
sha1_hash: 2bda3e86ee52048bc3def45b34737c0c18d93456
